// !$*UTF8*$!
{
	archiveVersion = 1;
	classes = {
	};
	objectVersion = 55;
	objects = {

/* Begin PBXBuildFile section */
		285A7B3528A0894B00770790 /* Persistence.swift in Sources */ = {isa = PBXBuildFile; fileRef = 285A7B3428A0894B00770790 /* Persistence.swift */; };
		285A7B3728A089D200770790 /* Note+CoreDataClass.swift in Sources */ = {isa = PBXBuildFile; fileRef = 285A7B3628A089D200770790 /* Note+CoreDataClass.swift */; };
		285A7B3928A089EA00770790 /* Note+CoreDataProperties.swift in Sources */ = {isa = PBXBuildFile; fileRef = 285A7B3828A089EA00770790 /* Note+CoreDataProperties.swift */; };
		285A7B3C28A08AB000770790 /* BookNotesView.swift in Sources */ = {isa = PBXBuildFile; fileRef = 285A7B3B28A08AB000770790 /* BookNotesView.swift */; };
		285A7B3E28A08ADF00770790 /* NoteView.swift in Sources */ = {isa = PBXBuildFile; fileRef = 285A7B3D28A08ADF00770790 /* NoteView.swift */; };
		285A7B4328A08CF700770790 /* SortViewModel.swift in Sources */ = {isa = PBXBuildFile; fileRef = 285A7B4228A08CF700770790 /* SortViewModel.swift */; };
		28C923F828A09872008415D2 /* BookRowView.swift in Sources */ = {isa = PBXBuildFile; fileRef = 28C923F728A09872008415D2 /* BookRowView.swift */; };
		28C923FA28A09F8F008415D2 /* FavBookListView.swift in Sources */ = {isa = PBXBuildFile; fileRef = 28C923F928A09F8E008415D2 /* FavBookListView.swift */; };
		6D8893AB28A06AD300C4EF8E /* PencilKitViewController.swift in Sources */ = {isa = PBXBuildFile; fileRef = 6D88938228A06AD300C4EF8E /* PencilKitViewController.swift */; };
		6D8893AC28A06AD300C4EF8E /* PencilKitAppDelegate.swift in Sources */ = {isa = PBXBuildFile; fileRef = 6D88938328A06AD300C4EF8E /* PencilKitAppDelegate.swift */; };
		6D8893AD28A06AD300C4EF8E /* PencilKitSceneDelegate.swift in Sources */ = {isa = PBXBuildFile; fileRef = 6D88938428A06AD300C4EF8E /* PencilKitSceneDelegate.swift */; };
		6D8893AE28A06AD300C4EF8E /* ImageView_ViewController.swift in Sources */ = {isa = PBXBuildFile; fileRef = 6D88938528A06AD300C4EF8E /* ImageView_ViewController.swift */; };
		6D8893AF28A06AD300C4EF8E /* Storyboard.storyboard in Resources */ = {isa = PBXBuildFile; fileRef = 6D88938628A06AD300C4EF8E /* Storyboard.storyboard */; };
		6D8893B128A06AD300C4EF8E /* BookListViewModel.swift in Sources */ = {isa = PBXBuildFile; fileRef = 6D88938928A06AD300C4EF8E /* BookListViewModel.swift */; };
		6D8893B228A06AD300C4EF8E /* BookAPI.swift in Sources */ = {isa = PBXBuildFile; fileRef = 6D88938A28A06AD300C4EF8E /* BookAPI.swift */; };
		6D8893B328A06AD300C4EF8E /* CoreData.xcdatamodeld in Sources */ = {isa = PBXBuildFile; fileRef = 6D88938B28A06AD300C4EF8E /* CoreData.xcdatamodeld */; };
		6D8893B428A06AD300C4EF8E /* BookDataStore.swift in Sources */ = {isa = PBXBuildFile; fileRef = 6D88938E28A06AD300C4EF8E /* BookDataStore.swift */; };
		6D8893B528A06AD300C4EF8E /* Assets.xcassets in Resources */ = {isa = PBXBuildFile; fileRef = 6D88938F28A06AD300C4EF8E /* Assets.xcassets */; };
		6D8893B628A06AD300C4EF8E /* Preview Assets.xcassets in Resources */ = {isa = PBXBuildFile; fileRef = 6D88939128A06AD300C4EF8E /* Preview Assets.xcassets */; };
		6D8893B728A06AD300C4EF8E /* QuoteAPI.swift in Sources */ = {isa = PBXBuildFile; fileRef = 6D88939328A06AD300C4EF8E /* QuoteAPI.swift */; };
		6D8893B828A06AD300C4EF8E /* QuoteViewModel.swift in Sources */ = {isa = PBXBuildFile; fileRef = 6D88939428A06AD300C4EF8E /* QuoteViewModel.swift */; };
		6D8893B928A06AD300C4EF8E /* Quote.swift in Sources */ = {isa = PBXBuildFile; fileRef = 6D88939528A06AD300C4EF8E /* Quote.swift */; };
		6D8893BA28A06AD300C4EF8E /* QuoteView.swift in Sources */ = {isa = PBXBuildFile; fileRef = 6D88939628A06AD300C4EF8E /* QuoteView.swift */; };
		6D8893BB28A06AD400C4EF8E /* AppFlow.swift in Sources */ = {isa = PBXBuildFile; fileRef = 6D88939728A06AD300C4EF8E /* AppFlow.swift */; };
		6D8893BC28A06AD400C4EF8E /* BookInfo.swift in Sources */ = {isa = PBXBuildFile; fileRef = 6D88939928A06AD300C4EF8E /* BookInfo.swift */; };
		6D8893BD28A06AD400C4EF8E /* CollectionViewRepresentable.swift in Sources */ = {isa = PBXBuildFile; fileRef = 6D88939B28A06AD300C4EF8E /* CollectionViewRepresentable.swift */; };
		6D8893BE28A06AD400C4EF8E /* BookCollectionViewCell.swift in Sources */ = {isa = PBXBuildFile; fileRef = 6D88939C28A06AD300C4EF8E /* BookCollectionViewCell.swift */; };
		6D8893BF28A06AD400C4EF8E /* Login View.swift in Sources */ = {isa = PBXBuildFile; fileRef = 6D88939D28A06AD300C4EF8E /* Login View.swift */; };
		6D8893C028A06AD400C4EF8E /* BookDetailView.swift in Sources */ = {isa = PBXBuildFile; fileRef = 6D88939E28A06AD300C4EF8E /* BookDetailView.swift */; };
		6D8893C128A06AD400C4EF8E /* CardView.swift in Sources */ = {isa = PBXBuildFile; fileRef = 6D88939F28A06AD300C4EF8E /* CardView.swift */; };
		6D8893C328A06AD400C4EF8E /* SortView.swift in Sources */ = {isa = PBXBuildFile; fileRef = 6D8893A128A06AD300C4EF8E /* SortView.swift */; };
		6D8893C428A06AD400C4EF8E /* ContentView.swift in Sources */ = {isa = PBXBuildFile; fileRef = 6D8893A228A06AD300C4EF8E /* ContentView.swift */; };
		6D8893C628A06AD400C4EF8E /* BookBestieApp.swift in Sources */ = {isa = PBXBuildFile; fileRef = 6D8893A428A06AD300C4EF8E /* BookBestieApp.swift */; };
		6D8893C728A06AD400C4EF8E /* BookCollectionViewController.swift in Sources */ = {isa = PBXBuildFile; fileRef = 6D8893A628A06AD300C4EF8E /* BookCollectionViewController.swift */; };
		6D8893C828A06AD400C4EF8E /* BookError.swift in Sources */ = {isa = PBXBuildFile; fileRef = 6D8893A828A06AD300C4EF8E /* BookError.swift */; };
		6D8893C928A06AD400C4EF8E /* BookSearchExtension.swift in Sources */ = {isa = PBXBuildFile; fileRef = 6D8893A928A06AD300C4EF8E /* BookSearchExtension.swift */; };
		6D8893CA28A06AD400C4EF8E /* UIViewController+Ext.swift in Sources */ = {isa = PBXBuildFile; fileRef = 6D8893AA28A06AD300C4EF8E /* UIViewController+Ext.swift */; };
/* End PBXBuildFile section */

/* Begin PBXFileReference section */
		285A7B3428A0894B00770790 /* Persistence.swift */ = {isa = PBXFileReference; lastKnownFileType = sourcecode.swift; path = Persistence.swift; sourceTree = "<group>"; };
		285A7B3628A089D200770790 /* Note+CoreDataClass.swift */ = {isa = PBXFileReference; lastKnownFileType = sourcecode.swift; path = "Note+CoreDataClass.swift"; sourceTree = "<group>"; };
		285A7B3828A089EA00770790 /* Note+CoreDataProperties.swift */ = {isa = PBXFileReference; lastKnownFileType = sourcecode.swift; path = "Note+CoreDataProperties.swift"; sourceTree = "<group>"; };
		285A7B3B28A08AB000770790 /* BookNotesView.swift */ = {isa = PBXFileReference; lastKnownFileType = sourcecode.swift; path = BookNotesView.swift; sourceTree = "<group>"; };
		285A7B3D28A08ADF00770790 /* NoteView.swift */ = {isa = PBXFileReference; lastKnownFileType = sourcecode.swift; path = NoteView.swift; sourceTree = "<group>"; };
		285A7B4228A08CF700770790 /* SortViewModel.swift */ = {isa = PBXFileReference; lastKnownFileType = sourcecode.swift; path = SortViewModel.swift; sourceTree = "<group>"; };
		28C923F728A09872008415D2 /* BookRowView.swift */ = {isa = PBXFileReference; lastKnownFileType = sourcecode.swift; path = BookRowView.swift; sourceTree = "<group>"; };
		28C923F928A09F8E008415D2 /* FavBookListView.swift */ = {isa = PBXFileReference; lastKnownFileType = sourcecode.swift; path = FavBookListView.swift; sourceTree = "<group>"; };
		28F4CDE52899A6BB001A00EF /* BookBestie.app */ = {isa = PBXFileReference; explicitFileType = wrapper.application; includeInIndex = 0; path = BookBestie.app; sourceTree = BUILT_PRODUCTS_DIR; };
		6D88938228A06AD300C4EF8E /* PencilKitViewController.swift */ = {isa = PBXFileReference; fileEncoding = 4; lastKnownFileType = sourcecode.swift; path = PencilKitViewController.swift; sourceTree = "<group>"; };
		6D88938328A06AD300C4EF8E /* PencilKitAppDelegate.swift */ = {isa = PBXFileReference; fileEncoding = 4; lastKnownFileType = sourcecode.swift; path = PencilKitAppDelegate.swift; sourceTree = "<group>"; };
		6D88938428A06AD300C4EF8E /* PencilKitSceneDelegate.swift */ = {isa = PBXFileReference; fileEncoding = 4; lastKnownFileType = sourcecode.swift; path = PencilKitSceneDelegate.swift; sourceTree = "<group>"; };
		6D88938528A06AD300C4EF8E /* ImageView_ViewController.swift */ = {isa = PBXFileReference; fileEncoding = 4; lastKnownFileType = sourcecode.swift; path = ImageView_ViewController.swift; sourceTree = "<group>"; };
		6D88938628A06AD300C4EF8E /* Storyboard.storyboard */ = {isa = PBXFileReference; fileEncoding = 4; lastKnownFileType = file.storyboard; path = Storyboard.storyboard; sourceTree = "<group>"; };
		6D88938928A06AD300C4EF8E /* BookListViewModel.swift */ = {isa = PBXFileReference; fileEncoding = 4; lastKnownFileType = sourcecode.swift; path = BookListViewModel.swift; sourceTree = "<group>"; };
		6D88938A28A06AD300C4EF8E /* BookAPI.swift */ = {isa = PBXFileReference; fileEncoding = 4; lastKnownFileType = sourcecode.swift; path = BookAPI.swift; sourceTree = "<group>"; };
		6D88938C28A06AD300C4EF8E /* CoreData.xcdatamodel */ = {isa = PBXFileReference; lastKnownFileType = wrapper.xcdatamodel; path = CoreData.xcdatamodel; sourceTree = "<group>"; };
		6D88938E28A06AD300C4EF8E /* BookDataStore.swift */ = {isa = PBXFileReference; fileEncoding = 4; lastKnownFileType = sourcecode.swift; path = BookDataStore.swift; sourceTree = "<group>"; };
		6D88938F28A06AD300C4EF8E /* Assets.xcassets */ = {isa = PBXFileReference; lastKnownFileType = folder.assetcatalog; path = Assets.xcassets; sourceTree = "<group>"; };
		6D88939128A06AD300C4EF8E /* Preview Assets.xcassets */ = {isa = PBXFileReference; lastKnownFileType = folder.assetcatalog; path = "Preview Assets.xcassets"; sourceTree = "<group>"; };
		6D88939328A06AD300C4EF8E /* QuoteAPI.swift */ = {isa = PBXFileReference; fileEncoding = 4; lastKnownFileType = sourcecode.swift; path = QuoteAPI.swift; sourceTree = "<group>"; };
		6D88939428A06AD300C4EF8E /* QuoteViewModel.swift */ = {isa = PBXFileReference; fileEncoding = 4; lastKnownFileType = sourcecode.swift; path = QuoteViewModel.swift; sourceTree = "<group>"; };
		6D88939528A06AD300C4EF8E /* Quote.swift */ = {isa = PBXFileReference; fileEncoding = 4; lastKnownFileType = sourcecode.swift; path = Quote.swift; sourceTree = "<group>"; };
		6D88939628A06AD300C4EF8E /* QuoteView.swift */ = {isa = PBXFileReference; fileEncoding = 4; lastKnownFileType = sourcecode.swift; path = QuoteView.swift; sourceTree = "<group>"; };
		6D88939728A06AD300C4EF8E /* AppFlow.swift */ = {isa = PBXFileReference; fileEncoding = 4; lastKnownFileType = sourcecode.swift; path = AppFlow.swift; sourceTree = "<group>"; };
		6D88939928A06AD300C4EF8E /* BookInfo.swift */ = {isa = PBXFileReference; fileEncoding = 4; lastKnownFileType = sourcecode.swift; path = BookInfo.swift; sourceTree = "<group>"; };
		6D88939B28A06AD300C4EF8E /* CollectionViewRepresentable.swift */ = {isa = PBXFileReference; fileEncoding = 4; lastKnownFileType = sourcecode.swift; path = CollectionViewRepresentable.swift; sourceTree = "<group>"; };
		6D88939C28A06AD300C4EF8E /* BookCollectionViewCell.swift */ = {isa = PBXFileReference; fileEncoding = 4; lastKnownFileType = sourcecode.swift; path = BookCollectionViewCell.swift; sourceTree = "<group>"; };
		6D88939D28A06AD300C4EF8E /* Login View.swift */ = {isa = PBXFileReference; fileEncoding = 4; lastKnownFileType = sourcecode.swift; path = "Login View.swift"; sourceTree = "<group>"; };
		6D88939E28A06AD300C4EF8E /* BookDetailView.swift */ = {isa = PBXFileReference; fileEncoding = 4; lastKnownFileType = sourcecode.swift; path = BookDetailView.swift; sourceTree = "<group>"; };
		6D88939F28A06AD300C4EF8E /* CardView.swift */ = {isa = PBXFileReference; fileEncoding = 4; lastKnownFileType = sourcecode.swift; path = CardView.swift; sourceTree = "<group>"; };
		6D8893A128A06AD300C4EF8E /* SortView.swift */ = {isa = PBXFileReference; fileEncoding = 4; lastKnownFileType = sourcecode.swift; path = SortView.swift; sourceTree = "<group>"; };
		6D8893A228A06AD300C4EF8E /* ContentView.swift */ = {isa = PBXFileReference; fileEncoding = 4; lastKnownFileType = sourcecode.swift; path = ContentView.swift; sourceTree = "<group>"; };
		6D8893A428A06AD300C4EF8E /* BookBestieApp.swift */ = {isa = PBXFileReference; fileEncoding = 4; lastKnownFileType = sourcecode.swift; path = BookBestieApp.swift; sourceTree = "<group>"; };
		6D8893A628A06AD300C4EF8E /* BookCollectionViewController.swift */ = {isa = PBXFileReference; fileEncoding = 4; lastKnownFileType = sourcecode.swift; path = BookCollectionViewController.swift; sourceTree = "<group>"; };
		6D8893A828A06AD300C4EF8E /* BookError.swift */ = {isa = PBXFileReference; fileEncoding = 4; lastKnownFileType = sourcecode.swift; path = BookError.swift; sourceTree = "<group>"; };
		6D8893A928A06AD300C4EF8E /* BookSearchExtension.swift */ = {isa = PBXFileReference; fileEncoding = 4; lastKnownFileType = sourcecode.swift; path = BookSearchExtension.swift; sourceTree = "<group>"; };
		6D8893AA28A06AD300C4EF8E /* UIViewController+Ext.swift */ = {isa = PBXFileReference; fileEncoding = 4; lastKnownFileType = sourcecode.swift; path = "UIViewController+Ext.swift"; sourceTree = "<group>"; };
/* End PBXFileReference section */

/* Begin PBXFrameworksBuildPhase section */
		28F4CDE22899A6BB001A00EF /* Frameworks */ = {
			isa = PBXFrameworksBuildPhase;
			buildActionMask = 2147483647;
			files = (
			);
			runOnlyForDeploymentPostprocessing = 0;
		};
/* End PBXFrameworksBuildPhase section */

/* Begin PBXGroup section */
		285A7B3328A0891C00770790 /* CoreData */ = {
			isa = PBXGroup;
			children = (
				6D88938B28A06AD300C4EF8E /* CoreData.xcdatamodeld */,
				285A7B3428A0894B00770790 /* Persistence.swift */,
				285A7B3628A089D200770790 /* Note+CoreDataClass.swift */,
				285A7B3828A089EA00770790 /* Note+CoreDataProperties.swift */,
			);
			path = CoreData;
			sourceTree = "<group>";
		};
		285A7B3A28A08A9000770790 /* BookNotes */ = {
			isa = PBXGroup;
			children = (
				285A7B3B28A08AB000770790 /* BookNotesView.swift */,
				285A7B3D28A08ADF00770790 /* NoteView.swift */,
			);
			path = BookNotes;
			sourceTree = "<group>";
		};
		285A7B3F28A08B1C00770790 /* BookDetail */ = {
			isa = PBXGroup;
			children = (
				6D88939E28A06AD300C4EF8E /* BookDetailView.swift */,
			);
			path = BookDetail;
			sourceTree = "<group>";
		};
		285A7B4028A08C4B00770790 /* FavoriteBookList */ = {
			isa = PBXGroup;
			children = (
				6D8893A128A06AD300C4EF8E /* SortView.swift */,
				28C923F928A09F8E008415D2 /* FavBookListView.swift */,
				285A7B4228A08CF700770790 /* SortViewModel.swift */,
				28C923F728A09872008415D2 /* BookRowView.swift */,
			);
			path = FavoriteBookList;
			sourceTree = "<group>";
		};
		285A7B4128A08C8900770790 /* UICollectionView */ = {
			isa = PBXGroup;
			children = (
				6D8893A628A06AD300C4EF8E /* BookCollectionViewController.swift */,
				6D88939C28A06AD300C4EF8E /* BookCollectionViewCell.swift */,
				6D88939F28A06AD300C4EF8E /* CardView.swift */,
			);
			path = UICollectionView;
			sourceTree = "<group>";
		};
		28F4CDDC2899A6BB001A00EF = {
			isa = PBXGroup;
			children = (
				6D88938028A06AD300C4EF8E /* BookBestie */,
				28F4CDE62899A6BB001A00EF /* Products */,
			);
			sourceTree = "<group>";
		};
		28F4CDE62899A6BB001A00EF /* Products */ = {
			isa = PBXGroup;
			children = (
				28F4CDE52899A6BB001A00EF /* BookBestie.app */,
			);
			name = Products;
			sourceTree = "<group>";
		};
		6D88938028A06AD300C4EF8E /* BookBestie */ = {
			isa = PBXGroup;
			children = (
				6D88939728A06AD300C4EF8E /* AppFlow.swift */,
				6D8893A428A06AD300C4EF8E /* BookBestieApp.swift */,
				6D88939828A06AD300C4EF8E /* Model */,
				6D88939A28A06AD300C4EF8E /* View */,
				6D88938728A06AD300C4EF8E /* ViewModel */,
				285A7B4028A08C4B00770790 /* FavoriteBookList */,
				285A7B4128A08C8900770790 /* UICollectionView */,
				285A7B3F28A08B1C00770790 /* BookDetail */,
				285A7B3A28A08A9000770790 /* BookNotes */,
				6D88939228A06AD300C4EF8E /* QuoteView */,
				6D88938128A06AD300C4EF8E /* PencilKit */,
				285A7B3328A0891C00770790 /* CoreData */,
				6D88938D28A06AD300C4EF8E /* Resources */,
				6D88938F28A06AD300C4EF8E /* Assets.xcassets */,
				6D8893A728A06AD300C4EF8E /* Helpers */,
				6D88939028A06AD300C4EF8E /* Preview Content */,
			);
			path = BookBestie;
			sourceTree = "<group>";
		};
		6D88938128A06AD300C4EF8E /* PencilKit */ = {
			isa = PBXGroup;
			children = (
				6D88938228A06AD300C4EF8E /* PencilKitViewController.swift */,
				6D88938328A06AD300C4EF8E /* PencilKitAppDelegate.swift */,
				6D88938428A06AD300C4EF8E /* PencilKitSceneDelegate.swift */,
				6D88938528A06AD300C4EF8E /* ImageView_ViewController.swift */,
				6D88938628A06AD300C4EF8E /* Storyboard.storyboard */,
			);
			path = PencilKit;
			sourceTree = "<group>";
		};
		6D88938728A06AD300C4EF8E /* ViewModel */ = {
			isa = PBXGroup;
			children = (
				6D88938928A06AD300C4EF8E /* BookListViewModel.swift */,
				6D88938A28A06AD300C4EF8E /* BookAPI.swift */,
			);
			path = ViewModel;
			sourceTree = "<group>";
		};
		6D88938D28A06AD300C4EF8E /* Resources */ = {
			isa = PBXGroup;
			children = (
				6D88938E28A06AD300C4EF8E /* BookDataStore.swift */,
			);
			path = Resources;
			sourceTree = "<group>";
		};
		6D88939028A06AD300C4EF8E /* Preview Content */ = {
			isa = PBXGroup;
			children = (
				6D88939128A06AD300C4EF8E /* Preview Assets.xcassets */,
			);
			path = "Preview Content";
			sourceTree = "<group>";
		};
		6D88939228A06AD300C4EF8E /* QuoteView */ = {
			isa = PBXGroup;
			children = (
				6D88939328A06AD300C4EF8E /* QuoteAPI.swift */,
				6D88939428A06AD300C4EF8E /* QuoteViewModel.swift */,
				6D88939528A06AD300C4EF8E /* Quote.swift */,
				6D88939628A06AD300C4EF8E /* QuoteView.swift */,
			);
			path = QuoteView;
			sourceTree = "<group>";
		};
		6D88939828A06AD300C4EF8E /* Model */ = {
			isa = PBXGroup;
			children = (
				6D88939928A06AD300C4EF8E /* BookInfo.swift */,
			);
			path = Model;
			sourceTree = "<group>";
		};
		6D88939A28A06AD300C4EF8E /* View */ = {
			isa = PBXGroup;
			children = (
				6D88939B28A06AD300C4EF8E /* CollectionViewRepresentable.swift */,
				6D88939D28A06AD300C4EF8E /* Login View.swift */,
				6D8893A228A06AD300C4EF8E /* ContentView.swift */,
			);
			path = View;
			sourceTree = "<group>";
		};
		6D8893A728A06AD300C4EF8E /* Helpers */ = {
			isa = PBXGroup;
			children = (
				6D8893A828A06AD300C4EF8E /* BookError.swift */,
				6D8893A928A06AD300C4EF8E /* BookSearchExtension.swift */,
				6D8893AA28A06AD300C4EF8E /* UIViewController+Ext.swift */,
			);
			path = Helpers;
			sourceTree = "<group>";
		};
/* End PBXGroup section */

/* Begin PBXNativeTarget section */
		28F4CDE42899A6BB001A00EF /* BookBestie */ = {
			isa = PBXNativeTarget;
			buildConfigurationList = 28F4CDF32899A6BD001A00EF /* Build configuration list for PBXNativeTarget "BookBestie" */;
			buildPhases = (
				28F4CDE12899A6BB001A00EF /* Sources */,
				28F4CDE22899A6BB001A00EF /* Frameworks */,
				28F4CDE32899A6BB001A00EF /* Resources */,
			);
			buildRules = (
			);
			dependencies = (
			);
			name = BookBestie;
			productName = BookBestie;
			productReference = 28F4CDE52899A6BB001A00EF /* BookBestie.app */;
			productType = "com.apple.product-type.application";
		};
/* End PBXNativeTarget section */

/* Begin PBXProject section */
		28F4CDDD2899A6BB001A00EF /* Project object */ = {
			isa = PBXProject;
			attributes = {
				BuildIndependentTargetsInParallel = 1;
				LastSwiftUpdateCheck = 1340;
				LastUpgradeCheck = 1340;
				TargetAttributes = {
					28F4CDE42899A6BB001A00EF = {
						CreatedOnToolsVersion = 13.4.1;
					};
				};
			};
			buildConfigurationList = 28F4CDE02899A6BB001A00EF /* Build configuration list for PBXProject "BookBestie" */;
			compatibilityVersion = "Xcode 13.0";
			developmentRegion = en;
			hasScannedForEncodings = 0;
			knownRegions = (
				en,
				Base,
			);
			mainGroup = 28F4CDDC2899A6BB001A00EF;
			productRefGroup = 28F4CDE62899A6BB001A00EF /* Products */;
			projectDirPath = "";
			projectRoot = "";
			targets = (
				28F4CDE42899A6BB001A00EF /* BookBestie */,
			);
		};
/* End PBXProject section */

/* Begin PBXResourcesBuildPhase section */
		28F4CDE32899A6BB001A00EF /* Resources */ = {
			isa = PBXResourcesBuildPhase;
			buildActionMask = 2147483647;
			files = (
				6D8893B528A06AD300C4EF8E /* Assets.xcassets in Resources */,
				6D8893B628A06AD300C4EF8E /* Preview Assets.xcassets in Resources */,
				6D8893AF28A06AD300C4EF8E /* Storyboard.storyboard in Resources */,
			);
			runOnlyForDeploymentPostprocessing = 0;
		};
/* End PBXResourcesBuildPhase section */

/* Begin PBXSourcesBuildPhase section */
		28F4CDE12899A6BB001A00EF /* Sources */ = {
			isa = PBXSourcesBuildPhase;
			buildActionMask = 2147483647;
			files = (
				6D8893BC28A06AD400C4EF8E /* BookInfo.swift in Sources */,
				6D8893B328A06AD300C4EF8E /* CoreData.xcdatamodeld in Sources */,
				6D8893AC28A06AD300C4EF8E /* PencilKitAppDelegate.swift in Sources */,
				6D8893C628A06AD400C4EF8E /* BookBestieApp.swift in Sources */,
				6D8893B228A06AD300C4EF8E /* BookAPI.swift in Sources */,
				6D8893C328A06AD400C4EF8E /* SortView.swift in Sources */,
				6D8893C028A06AD400C4EF8E /* BookDetailView.swift in Sources */,
				285A7B4328A08CF700770790 /* SortViewModel.swift in Sources */,
				6D8893B928A06AD300C4EF8E /* Quote.swift in Sources */,
				285A7B3928A089EA00770790 /* Note+CoreDataProperties.swift in Sources */,
				285A7B3C28A08AB000770790 /* BookNotesView.swift in Sources */,
				285A7B3528A0894B00770790 /* Persistence.swift in Sources */,
				285A7B3E28A08ADF00770790 /* NoteView.swift in Sources */,
				6D8893BE28A06AD400C4EF8E /* BookCollectionViewCell.swift in Sources */,
				6D8893AE28A06AD300C4EF8E /* ImageView_ViewController.swift in Sources */,
				6D8893B728A06AD300C4EF8E /* QuoteAPI.swift in Sources */,
				28C923F828A09872008415D2 /* BookRowView.swift in Sources */,
				28C923FA28A09F8F008415D2 /* FavBookListView.swift in Sources */,
				6D8893BF28A06AD400C4EF8E /* Login View.swift in Sources */,
				6D8893BB28A06AD400C4EF8E /* AppFlow.swift in Sources */,
				6D8893AB28A06AD300C4EF8E /* PencilKitViewController.swift in Sources */,
				6D8893BA28A06AD300C4EF8E /* QuoteView.swift in Sources */,
				6D8893C128A06AD400C4EF8E /* CardView.swift in Sources */,
				6D8893B828A06AD300C4EF8E /* QuoteViewModel.swift in Sources */,
				6D8893C828A06AD400C4EF8E /* BookError.swift in Sources */,
				6D8893C428A06AD400C4EF8E /* ContentView.swift in Sources */,
				6D8893AD28A06AD300C4EF8E /* PencilKitSceneDelegate.swift in Sources */,
				6D8893BD28A06AD400C4EF8E /* CollectionViewRepresentable.swift in Sources */,
				6D8893C728A06AD400C4EF8E /* BookCollectionViewController.swift in Sources */,
				285A7B3728A089D200770790 /* Note+CoreDataClass.swift in Sources */,
				6D8893B128A06AD300C4EF8E /* BookListViewModel.swift in Sources */,
				6D8893C928A06AD400C4EF8E /* BookSearchExtension.swift in Sources */,
				6D8893CA28A06AD400C4EF8E /* UIViewController+Ext.swift in Sources */,
				6D8893B428A06AD300C4EF8E /* BookDataStore.swift in Sources */,
			);
			runOnlyForDeploymentPostprocessing = 0;
		};
/* End PBXSourcesBuildPhase section */

/* Begin XCBuildConfiguration section */
		28F4CDF12899A6BD001A00EF /* Debug */ = {
			isa = XCBuildConfiguration;
			buildSettings = {
				ALWAYS_SEARCH_USER_PATHS = NO;
				CLANG_ANALYZER_NONNULL = YES;
				CLANG_ANALYZER_NUMBER_OBJECT_CONVERSION = YES_AGGRESSIVE;
				CLANG_CXX_LANGUAGE_STANDARD = "gnu++17";
				CLANG_ENABLE_MODULES = YES;
				CLANG_ENABLE_OBJC_ARC = YES;
				CLANG_ENABLE_OBJC_WEAK = YES;
				CLANG_WARN_BLOCK_CAPTURE_AUTORELEASING = YES;
				CLANG_WARN_BOOL_CONVERSION = YES;
				CLANG_WARN_COMMA = YES;
				CLANG_WARN_CONSTANT_CONVERSION = YES;
				CLANG_WARN_DEPRECATED_OBJC_IMPLEMENTATIONS = YES;
				CLANG_WARN_DIRECT_OBJC_ISA_USAGE = YES_ERROR;
				CLANG_WARN_DOCUMENTATION_COMMENTS = YES;
				CLANG_WARN_EMPTY_BODY = YES;
				CLANG_WARN_ENUM_CONVERSION = YES;
				CLANG_WARN_INFINITE_RECURSION = YES;
				CLANG_WARN_INT_CONVERSION = YES;
				CLANG_WARN_NON_LITERAL_NULL_CONVERSION = YES;
				CLANG_WARN_OBJC_IMPLICIT_RETAIN_SELF = YES;
				CLANG_WARN_OBJC_LITERAL_CONVERSION = YES;
				CLANG_WARN_OBJC_ROOT_CLASS = YES_ERROR;
				CLANG_WARN_QUOTED_INCLUDE_IN_FRAMEWORK_HEADER = YES;
				CLANG_WARN_RANGE_LOOP_ANALYSIS = YES;
				CLANG_WARN_STRICT_PROTOTYPES = YES;
				CLANG_WARN_SUSPICIOUS_MOVE = YES;
				CLANG_WARN_UNGUARDED_AVAILABILITY = YES_AGGRESSIVE;
				CLANG_WARN_UNREACHABLE_CODE = YES;
				CLANG_WARN__DUPLICATE_METHOD_MATCH = YES;
				COPY_PHASE_STRIP = NO;
				DEBUG_INFORMATION_FORMAT = dwarf;
				ENABLE_STRICT_OBJC_MSGSEND = YES;
				ENABLE_TESTABILITY = YES;
				GCC_C_LANGUAGE_STANDARD = gnu11;
				GCC_DYNAMIC_NO_PIC = NO;
				GCC_NO_COMMON_BLOCKS = YES;
				GCC_OPTIMIZATION_LEVEL = 0;
				GCC_PREPROCESSOR_DEFINITIONS = (
					"DEBUG=1",
					"$(inherited)",
				);
				GCC_WARN_64_TO_32_BIT_CONVERSION = YES;
				GCC_WARN_ABOUT_RETURN_TYPE = YES_ERROR;
				GCC_WARN_UNDECLARED_SELECTOR = YES;
				GCC_WARN_UNINITIALIZED_AUTOS = YES_AGGRESSIVE;
				GCC_WARN_UNUSED_FUNCTION = YES;
				GCC_WARN_UNUSED_VARIABLE = YES;
				IPHONEOS_DEPLOYMENT_TARGET = 15.5;
				MTL_ENABLE_DEBUG_INFO = INCLUDE_SOURCE;
				MTL_FAST_MATH = YES;
				ONLY_ACTIVE_ARCH = YES;
				SDKROOT = iphoneos;
				SWIFT_ACTIVE_COMPILATION_CONDITIONS = DEBUG;
				SWIFT_OPTIMIZATION_LEVEL = "-Onone";
			};
			name = Debug;
		};
		28F4CDF22899A6BD001A00EF /* Release */ = {
			isa = XCBuildConfiguration;
			buildSettings = {
				ALWAYS_SEARCH_USER_PATHS = NO;
				CLANG_ANALYZER_NONNULL = YES;
				CLANG_ANALYZER_NUMBER_OBJECT_CONVERSION = YES_AGGRESSIVE;
				CLANG_CXX_LANGUAGE_STANDARD = "gnu++17";
				CLANG_ENABLE_MODULES = YES;
				CLANG_ENABLE_OBJC_ARC = YES;
				CLANG_ENABLE_OBJC_WEAK = YES;
				CLANG_WARN_BLOCK_CAPTURE_AUTORELEASING = YES;
				CLANG_WARN_BOOL_CONVERSION = YES;
				CLANG_WARN_COMMA = YES;
				CLANG_WARN_CONSTANT_CONVERSION = YES;
				CLANG_WARN_DEPRECATED_OBJC_IMPLEMENTATIONS = YES;
				CLANG_WARN_DIRECT_OBJC_ISA_USAGE = YES_ERROR;
				CLANG_WARN_DOCUMENTATION_COMMENTS = YES;
				CLANG_WARN_EMPTY_BODY = YES;
				CLANG_WARN_ENUM_CONVERSION = YES;
				CLANG_WARN_INFINITE_RECURSION = YES;
				CLANG_WARN_INT_CONVERSION = YES;
				CLANG_WARN_NON_LITERAL_NULL_CONVERSION = YES;
				CLANG_WARN_OBJC_IMPLICIT_RETAIN_SELF = YES;
				CLANG_WARN_OBJC_LITERAL_CONVERSION = YES;
				CLANG_WARN_OBJC_ROOT_CLASS = YES_ERROR;
				CLANG_WARN_QUOTED_INCLUDE_IN_FRAMEWORK_HEADER = YES;
				CLANG_WARN_RANGE_LOOP_ANALYSIS = YES;
				CLANG_WARN_STRICT_PROTOTYPES = YES;
				CLANG_WARN_SUSPICIOUS_MOVE = YES;
				CLANG_WARN_UNGUARDED_AVAILABILITY = YES_AGGRESSIVE;
				CLANG_WARN_UNREACHABLE_CODE = YES;
				CLANG_WARN__DUPLICATE_METHOD_MATCH = YES;
				COPY_PHASE_STRIP = NO;
				DEBUG_INFORMATION_FORMAT = "dwarf-with-dsym";
				ENABLE_NS_ASSERTIONS = NO;
				ENABLE_STRICT_OBJC_MSGSEND = YES;
				GCC_C_LANGUAGE_STANDARD = gnu11;
				GCC_NO_COMMON_BLOCKS = YES;
				GCC_WARN_64_TO_32_BIT_CONVERSION = YES;
				GCC_WARN_ABOUT_RETURN_TYPE = YES_ERROR;
				GCC_WARN_UNDECLARED_SELECTOR = YES;
				GCC_WARN_UNINITIALIZED_AUTOS = YES_AGGRESSIVE;
				GCC_WARN_UNUSED_FUNCTION = YES;
				GCC_WARN_UNUSED_VARIABLE = YES;
				IPHONEOS_DEPLOYMENT_TARGET = 15.5;
				MTL_ENABLE_DEBUG_INFO = NO;
				MTL_FAST_MATH = YES;
				SDKROOT = iphoneos;
				SWIFT_COMPILATION_MODE = wholemodule;
				SWIFT_OPTIMIZATION_LEVEL = "-O";
				VALIDATE_PRODUCT = YES;
			};
			name = Release;
		};
		28F4CDF42899A6BD001A00EF /* Debug */ = {
			isa = XCBuildConfiguration;
			buildSettings = {
				ASSETCATALOG_COMPILER_APPICON_NAME = AppIcon;
				ASSETCATALOG_COMPILER_GLOBAL_ACCENT_COLOR_NAME = AccentColor;
				CODE_SIGN_STYLE = Automatic;
				CURRENT_PROJECT_VERSION = 1;
				DEVELOPMENT_ASSET_PATHS = "\"BookBestie/Preview Content\"";
				ENABLE_PREVIEWS = YES;
				GENERATE_INFOPLIST_FILE = YES;
				INFOPLIST_KEY_UIApplicationSceneManifest_Generation = YES;
				INFOPLIST_KEY_UIApplicationSupportsIndirectInputEvents = YES;
				INFOPLIST_KEY_UILaunchScreen_Generation = YES;
				INFOPLIST_KEY_UISupportedInterfaceOrientations_iPad = "UIInterfaceOrientationPortrait UIInterfaceOrientationPortraitUpsideDown UIInterfaceOrientationLandscapeLeft UIInterfaceOrientationLandscapeRight";
				INFOPLIST_KEY_UISupportedInterfaceOrientations_iPhone = "UIInterfaceOrientationPortrait UIInterfaceOrientationLandscapeLeft UIInterfaceOrientationLandscapeRight";
				LD_RUNPATH_SEARCH_PATHS = (
					"$(inherited)",
					"@executable_path/Frameworks",
				);
				MARKETING_VERSION = 1.0;
				PRODUCT_BUNDLE_IDENTIFIER = com.CarmenChiu.BookBestie;
				PRODUCT_NAME = "$(TARGET_NAME)";
				SWIFT_EMIT_LOC_STRINGS = YES;
				SWIFT_VERSION = 5.0;
				TARGETED_DEVICE_FAMILY = "1,2";
			};
			name = Debug;
		};
		28F4CDF52899A6BD001A00EF /* Release */ = {
			isa = XCBuildConfiguration;
			buildSettings = {
				ASSETCATALOG_COMPILER_APPICON_NAME = AppIcon;
				ASSETCATALOG_COMPILER_GLOBAL_ACCENT_COLOR_NAME = AccentColor;
				CODE_SIGN_STYLE = Automatic;
				CURRENT_PROJECT_VERSION = 1;
				DEVELOPMENT_ASSET_PATHS = "\"BookBestie/Preview Content\"";
				ENABLE_PREVIEWS = YES;
				GENERATE_INFOPLIST_FILE = YES;
				INFOPLIST_KEY_UIApplicationSceneManifest_Generation = YES;
				INFOPLIST_KEY_UIApplicationSupportsIndirectInputEvents = YES;
				INFOPLIST_KEY_UILaunchScreen_Generation = YES;
				INFOPLIST_KEY_UISupportedInterfaceOrientations_iPad = "UIInterfaceOrientationPortrait UIInterfaceOrientationPortraitUpsideDown UIInterfaceOrientationLandscapeLeft UIInterfaceOrientationLandscapeRight";
				INFOPLIST_KEY_UISupportedInterfaceOrientations_iPhone = "UIInterfaceOrientationPortrait UIInterfaceOrientationLandscapeLeft UIInterfaceOrientationLandscapeRight";
				LD_RUNPATH_SEARCH_PATHS = (
					"$(inherited)",
					"@executable_path/Frameworks",
				);
				MARKETING_VERSION = 1.0;
				PRODUCT_BUNDLE_IDENTIFIER = com.CarmenChiu.BookBestie;
				PRODUCT_NAME = "$(TARGET_NAME)";
				SWIFT_EMIT_LOC_STRINGS = YES;
				SWIFT_VERSION = 5.0;
				TARGETED_DEVICE_FAMILY = "1,2";
			};
			name = Release;
		};
/* End XCBuildConfiguration section */

/* Begin XCConfigurationList section */
		28F4CDE02899A6BB001A00EF /* Build configuration list for PBXProject "BookBestie" */ = {
			isa = XCConfigurationList;
			buildConfigurations = (
				28F4CDF12899A6BD001A00EF /* Debug */,
				28F4CDF22899A6BD001A00EF /* Release */,
			);
			defaultConfigurationIsVisible = 0;
			defaultConfigurationName = Release;
		};
		28F4CDF32899A6BD001A00EF /* Build configuration list for PBXNativeTarget "BookBestie" */ = {
			isa = XCConfigurationList;
			buildConfigurations = (
				28F4CDF42899A6BD001A00EF /* Debug */,
				28F4CDF52899A6BD001A00EF /* Release */,
			);
			defaultConfigurationIsVisible = 0;
			defaultConfigurationName = Release;
		};
/* End XCConfigurationList section */

/* Begin XCVersionGroup section */
		6D88938B28A06AD300C4EF8E /* CoreData.xcdatamodeld */ = {
			isa = XCVersionGroup;
			children = (
				6D88938C28A06AD300C4EF8E /* CoreData.xcdatamodel */,
			);
			currentVersion = 6D88938C28A06AD300C4EF8E /* CoreData.xcdatamodel */;
			path = CoreData.xcdatamodeld;
			sourceTree = "<group>";
			versionGroupType = wrapper.xcdatamodel;
		};
/* End XCVersionGroup section */
	};
	rootObject = 28F4CDDD2899A6BB001A00EF /* Project object */;
}
